
Microsoft Visual Studio Solution File, Format Version 12.00
# Visual Studio Version 16
VisualStudioVersion = 16.0.31005.135
MinimumVisualStudioVersion = 10.0.40219.1
Project("{9A19103F-16F7-4668-BE54-9A1E7A4F7556}") = "Butler", "Butler\Butler.csproj", "{6496568E-DDAA-4A30-86D9-C1C015A57E0A}"
EndProject
Project("{9A19103F-16F7-4668-BE54-9A1E7A4F7556}") = "Butler.Console", "Butler.Console\Butler.Console.csproj", "{29BE8B20-FDF6-4DE6-B27A-B21F6EA935EB}"
EndProject
Project("{9A19103F-16F7-4668-BE54-9A1E7A4F7556}") = "Butler.Common", "Butler.Common\Butler.Common.csproj", "{FF68B226-A4EC-4B08-9CAC-F25C8EA47829}"
EndProject
Project("{9A19103F-16F7-4668-BE54-9A1E7A4F7556}") = "Butler.Service", "Butler.Service\Butler.Service.csproj", "{57E068D1-0EA2-47D8-8204-311AC182DFB6}"
EndProject
Project("{2150E333-8FDC-42A3-9474-1A3956D46DE8}") = "Solution Items", "Solution Items", "{7D9B2038-89A8-4FB2-A143-7A954E6B309D}"
	ProjectSection(SolutionItems) = preProject
		.editorconfig = .editorconfig
	EndProjectSection
EndProject
Global
	GlobalSection(SolutionConfigurationPlatforms) = preSolution
		Debug|Any CPU = Debug|Any CPU
		Release|Any CPU = Release|Any CPU
	EndGlobalSection
	GlobalSection(ProjectConfigurationPlatforms) = postSolution
		{6496568E-DDAA-4A30-86D9-C1C015A57E0A}.Debug|Any CPU.ActiveCfg = Debug|Any CPU
		{6496568E-DDAA-4A30-86D9-C1C015A57E0A}.Debug|Any CPU.Build.0 = Debug|Any CPU
		{6496568E-DDAA-4A30-86D9-C1C015A57E0A}.Release|Any CPU.ActiveCfg = Release|Any CPU
		{6496568E-DDAA-4A30-86D9-C1C015A57E0A}.Release|Any CPU.Build.0 = Release|Any CPU
		{29BE8B20-FDF6-4DE6-B27A-B21F6EA935EB}.Debug|Any CPU.ActiveCfg = Debug|Any CPU
		{29BE8B20-FDF6-4DE6-B27A-B21F6EA935EB}.Debug|Any CPU.Build.0 = Debug|Any CPU
		{29BE8B20-FDF6-4DE6-B27A-B21F6EA935EB}.Release|Any CPU.ActiveCfg = Release|Any CPU
		{29BE8B20-FDF6-4DE6-B27A-B21F6EA935EB}.Release|Any CPU.Build.0 = Release|Any CPU
		{FF68B226-A4EC-4B08-9CAC-F25C8EA47829}.Debug|Any CPU.ActiveCfg = Debug|Any CPU
		{FF68B226-A4EC-4B08-9CAC-F25C8EA47829}.Debug|Any CPU.Build.0 = Debug|Any CPU
		{FF68B226-A4EC-4B08-9CAC-F25C8EA47829}.Release|Any CPU.ActiveCfg = Release|Any CPU
		{FF68B226-A4EC-4B08-9CAC-F25C8EA47829}.Release|Any CPU.Build.0 = Release|Any CPU
		{57E068D1-0EA2-47D8-8204-311AC182DFB6}.Debug|Any CPU.ActiveCfg = Debug|Any CPU
		{57E068D1-0EA2-47D8-8204-311AC182DFB6}.Debug|Any CPU.Build.0 = Debug|Any CPU
		{57E068D1-0EA2-47D8-8204-311AC182DFB6}.Release|Any CPU.ActiveCfg = Release|Any CPU
		{57E068D1-0EA2-47D8-8204-311AC182DFB6}.Release|Any CPU.Build.0 = Release|Any CPU
	EndGlobalSection
	GlobalSection(SolutionProperties) = preSolution
		HideSolutionNode = FALSE
	EndGlobalSection
	GlobalSection(ExtensibilityGlobals) = postSolution
		SolutionGuid = {F7897CDC-B90D-4F6C-BCAC-ED90F39A3AD9}
	EndGlobalSection
EndGlobal
